
Microsoft Visual Studio Solution File, Format Version 12.00
# Visual Studio Version 17
VisualStudioVersion = 17.10.35027.167
MinimumVisualStudioVersion = 10.0.40219.1
Project("{FAE04EC0-301F-11D3-BF4B-00C04F79EFBC}") = "Project_Task", "Project_Task\Project_Task.csproj", "{895094F9-6C40-46C9-B61E-2BCAFC68D5B3}"
EndProject
Global
	GlobalSection(SolutionConfigurationPlatforms) = preSolution
		Debug|Any CPU = Debug|Any CPU
		Release|Any CPU = Release|Any CPU
	EndGlobalSection
	GlobalSection(ProjectConfigurationPlatforms) = postSolution
		{895094F9-6C40-46C9-B61E-2BCAFC68D5B3}.Debug|Any CPU.ActiveCfg = Debug|Any CPU
		{895094F9-6C40-46C9-B61E-2BCAFC68D5B3}.Debug|Any CPU.Build.0 = Debug|Any CPU
		{895094F9-6C40-46C9-B61E-2BCAFC68D5B3}.Release|Any CPU.ActiveCfg = Release|Any CPU
		{895094F9-6C40-46C9-B61E-2BCAFC68D5B3}.Release|Any CPU.Build.0 = Release|Any CPU
	EndGlobalSection
	GlobalSection(SolutionProperties) = preSolution
		HideSolutionNode = FALSE
	EndGlobalSection
	GlobalSection(ExtensibilityGlobals) = postSolution
		SolutionGuid = {B69F5441-3BA9-4A7A-B46B-2A5C6E26F794}
	EndGlobalSection
EndGlobal
